
Microsoft Visual Studio Solution File, Format Version 12.00
# Visual Studio Version 17
VisualStudioVersion = 17.11.35312.102
MinimumVisualStudioVersion = 10.0.40219.1
Project("{FAE04EC0-301F-11D3-BF4B-00C04F79EFBC}") = "sobre", "sobre\sobre.csproj", "{C27ACACA-11CF-4959-8FC3-6D45736E092A}"
EndProject
Global
	GlobalSection(SolutionConfigurationPlatforms) = preSolution
		Debug|Any CPU = Debug|Any CPU
		Release|Any CPU = Release|Any CPU
	EndGlobalSection
	GlobalSection(ProjectConfigurationPlatforms) = postSolution
		{C27ACACA-11CF-4959-8FC3-6D45736E092A}.Debug|Any CPU.ActiveCfg = Debug|Any CPU
		{C27ACACA-11CF-4959-8FC3-6D45736E092A}.Debug|Any CPU.Build.0 = Debug|Any CPU
		{C27ACACA-11CF-4959-8FC3-6D45736E092A}.Release|Any CPU.ActiveCfg = Release|Any CPU
		{C27ACACA-11CF-4959-8FC3-6D45736E092A}.Release|Any CPU.Build.0 = Release|Any CPU
	EndGlobalSection
	GlobalSection(SolutionProperties) = preSolution
		HideSolutionNode = FALSE
	EndGlobalSection
	GlobalSection(ExtensibilityGlobals) = postSolution
		SolutionGuid = {BD4AFBDC-8917-4447-9A14-43970BC43F07}
	EndGlobalSection
EndGlobal
